// !$*UTF8*$!
{
	archiveVersion = 1;
	classes = {
	};
	objectVersion = 50;
	objects = {

/* Begin PBXFileReference section */
		AA175BB420D9272C008DB808 /* util.h */ = {isa = PBXFileReference; fileEncoding = 4; lastKnownFileType = sourcecode.c.h; name = util.h; path = ../../simlib/include/util.h; sourceTree = "<group>"; };
		AA2B46C620D22A27002DDDFA /* 00_readme.txt */ = {isa = PBXFileReference; lastKnownFileType = text; path = 00_readme.txt; sourceTree = "<group>"; };
		AA2B46C720D22A52002DDDFA /* Makefile */ = {isa = PBXFileReference; lastKnownFileType = sourcecode.make; path = Makefile; sourceTree = "<group>"; };
		AA68C0CF20DF4CA000F3FDA1 /* Performance.cc */ = {isa = PBXFileReference; fileEncoding = 4; lastKnownFileType = sourcecode.cpp.cpp; name = Performance.cc; path = src/Performance.cc; sourceTree = "<group>"; };
		AA68C0D020DF4CA000F3FDA1 /* Performance.h */ = {isa = PBXFileReference; fileEncoding = 4; lastKnownFileType = sourcecode.c.h; name = Performance.h; path = src/Performance.h; sourceTree = "<group>"; };
		AA6B255120E5F2EC00B6D703 /* sim_client.cc */ = {isa = PBXFileReference; fileEncoding = 4; lastKnownFileType = sourcecode.cpp.cpp; name = sim_client.cc; path = ../../grpcControl/src/sim_client.cc; sourceTree = "<group>"; };
		AA8E1E0820D3955500935CDC /* sensitivity.cc */ = {isa = PBXFileReference; fileEncoding = 4; lastKnownFileType = sourcecode.cpp.cpp; name = sensitivity.cc; path = src/sensitivity.cc; sourceTree = "<group>"; };
		AA8E1E0920D3955500935CDC /* main-alone.cc */ = {isa = PBXFileReference; fileEncoding = 4; lastKnownFileType = sourcecode.cpp.cpp; name = "main-alone.cc"; path = "src/main-alone.cc"; sourceTree = "<group>"; };
		AA8E1E0A20D3955500935CDC /* typedefs.h */ = {isa = PBXFileReference; fileEncoding = 4; lastKnownFileType = sourcecode.c.h; name = typedefs.h; path = src/typedefs.h; sourceTree = "<group>"; };
		AA8E1E0B20D3955600935CDC /* sensitivity.h */ = {isa = PBXFileReference; fileEncoding = 4; lastKnownFileType = sourcecode.c.h; name = sensitivity.h; path = src/sensitivity.h; sourceTree = "<group>"; };
		AA8E1E0C20D3956400935CDC /* Template.design.Expt */ = {isa = PBXFileReference; fileEncoding = 4; lastKnownFileType = text; name = Template.design.Expt; path = input/Template.design.Expt; sourceTree = "<group>"; };
		AA8E1E0D20D3958600935CDC /* SAFtimer.h */ = {isa = PBXFileReference; fileEncoding = 4; lastKnownFileType = sourcecode.c.h; name = SAFtimer.h; path = ../../simlib/include/SAFtimer.h; sourceTree = "<group>"; };
		AA8E1E0E20D3958600935CDC /* SAFrand_pcg.h */ = {isa = PBXFileReference; fileEncoding = 4; lastKnownFileType = sourcecode.c.h; name = SAFrand_pcg.h; path = ../../simlib/include/SAFrand_pcg.h; sourceTree = "<group>"; };
		AAE8229720D4BC2800ADA04C /* Individual.cc */ = {isa = PBXFileReference; fileEncoding = 4; lastKnownFileType = sourcecode.cpp.cpp; name = Individual.cc; path = src/Individual.cc; sourceTree = "<group>"; };
		AAE8229820D4BC2800ADA04C /* Individual.h */ = {isa = PBXFileReference; fileEncoding = 4; lastKnownFileType = sourcecode.c.h; name = Individual.h; path = src/Individual.h; sourceTree = "<group>"; };
		AAE8229920D4CA5B00ADA04C /* design.Expt */ = {isa = PBXFileReference; fileEncoding = 4; lastKnownFileType = text; name = design.Expt; path = input/design.Expt; sourceTree = "<group>"; };
		AAE8229E20D4D72C00ADA04C /* Population.cc */ = {isa = PBXFileReference; fileEncoding = 4; lastKnownFileType = sourcecode.cpp.cpp; name = Population.cc; path = src/Population.cc; sourceTree = "<group>"; };
		AAE8229F20D4D72C00ADA04C /* Population.h */ = {isa = PBXFileReference; fileEncoding = 4; lastKnownFileType = sourcecode.c.h; name = Population.h; path = src/Population.h; sourceTree = "<group>"; };
		AAE822A020D4D72C00ADA04C /* SumStat.cc */ = {isa = PBXFileReference; fileEncoding = 4; lastKnownFileType = sourcecode.cpp.cpp; name = SumStat.cc; path = src/SumStat.cc; sourceTree = "<group>"; };
		AAE822A120D4D72C00ADA04C /* SumStat.h */ = {isa = PBXFileReference; fileEncoding = 4; lastKnownFileType = sourcecode.c.h; name = SumStat.h; path = src/SumStat.h; sourceTree = "<group>"; };
/* End PBXFileReference section */

/* Begin PBXGroup section */
		AA2B46BB20D22840002DDDFA = {
			isa = PBXGroup;
			children = (
				AA2B46C620D22A27002DDDFA /* 00_readme.txt */,
				AA2B46C720D22A52002DDDFA /* Makefile */,
				AA8E1E0620D3944800935CDC /* src */,
				AA8E1E0720D3944C00935CDC /* input */,
				AA8E1E0520D3942C00935CDC /* misc */,
			);
			sourceTree = "<group>";
		};
		AA8E1E0520D3942C00935CDC /* misc */ = {
			isa = PBXGroup;
			children = (
				AA6B255120E5F2EC00B6D703 /* sim_client.cc */,
				AA8E1E0E20D3958600935CDC /* SAFrand_pcg.h */,
				AA8E1E0D20D3958600935CDC /* SAFtimer.h */,
				AA175BB420D9272C008DB808 /* util.h */,
			);
			name = misc;
			sourceTree = "<group>";
		};
		AA8E1E0620D3944800935CDC /* src */ = {
			isa = PBXGroup;
			children = (
				AA68C0CF20DF4CA000F3FDA1 /* Performance.cc */,
				AA68C0D020DF4CA000F3FDA1 /* Performance.h */,
				AAE8229E20D4D72C00ADA04C /* Population.cc */,
				AAE8229F20D4D72C00ADA04C /* Population.h */,
				AAE822A020D4D72C00ADA04C /* SumStat.cc */,
				AAE822A120D4D72C00ADA04C /* SumStat.h */,
				AAE8229720D4BC2800ADA04C /* Individual.cc */,
				AAE8229820D4BC2800ADA04C /* Individual.h */,
				AA8E1E0920D3955500935CDC /* main-alone.cc */,
				AA8E1E0820D3955500935CDC /* sensitivity.cc */,
				AA8E1E0B20D3955600935CDC /* sensitivity.h */,
				AA8E1E0A20D3955500935CDC /* typedefs.h */,
			);
			name = src;
			sourceTree = "<group>";
		};
		AA8E1E0720D3944C00935CDC /* input */ = {
			isa = PBXGroup;
			children = (
				AAE8229920D4CA5B00ADA04C /* design.Expt */,
				AA8E1E0C20D3956400935CDC /* Template.design.Expt */,
			);
			name = input;
			sourceTree = "<group>";
		};
/* End PBXGroup section */

/* Begin PBXLegacyTarget section */
		AA68C0CB20DCA5D900F3FDA1 /* sensitivity */ = {
			isa = PBXLegacyTarget;
			buildArgumentsString = "$(ACTION)";
			buildConfigurationList = AA68C0CC20DCA5D900F3FDA1 /* Build configuration list for PBXLegacyTarget "sensitivity" */;
			buildPhases = (
			);
			buildToolPath = /usr/bin/make;
			dependencies = (
			);
			name = sensitivity;
			passBuildSettingsInEnvironment = 1;
			productName = sensitivity.osx;
		};
		AA6B254D20E5F23300B6D703 /* sensitivity_client */ = {
			isa = PBXLegacyTarget;
			buildArgumentsString = client;
			buildConfigurationList = AA6B254E20E5F23300B6D703 /* Build configuration list for PBXLegacyTarget "sensitivity_client" */;
			buildPhases = (
			);
			buildToolPath = /usr/bin/make;
			buildWorkingDirectory = "";
			dependencies = (
			);
			name = sensitivity_client;
			passBuildSettingsInEnvironment = 1;
			productName = sensitivity.osx;
		};
/* End PBXLegacyTarget section */

/* Begin PBXProject section */
		AA2B46BC20D22840002DDDFA /* Project object */ = {
			isa = PBXProject;
			attributes = {
				LastUpgradeCheck = 0940;
				ORGANIZATIONNAME = "Steven Frank";
				TargetAttributes = {
					AA68C0CB20DCA5D900F3FDA1 = {
						CreatedOnToolsVersion = 9.4.1;
					};
				};
			};
			buildConfigurationList = AA2B46BF20D22840002DDDFA /* Build configuration list for PBXProject "sensitivity" */;
			compatibilityVersion = "Xcode 9.3";
			developmentRegion = en;
			hasScannedForEncodings = 0;
			knownRegions = (
				en,
			);
			mainGroup = AA2B46BB20D22840002DDDFA;
			productRefGroup = AA2B46BB20D22840002DDDFA;
			projectDirPath = "";
			projectRoot = "";
			targets = (
				AA68C0CB20DCA5D900F3FDA1 /* sensitivity */,
				AA6B254D20E5F23300B6D703 /* sensitivity_client */,
			);
		};
/* End PBXProject section */

/* Begin XCBuildConfiguration section */
		AA2B46C120D22840002DDDFA /* Debug */ = {
			isa = XCBuildConfiguration;
			buildSettings = {
				ALWAYS_SEARCH_USER_PATHS = NO;
				CLANG_ANALYZER_NONNULL = YES;
				CLANG_ANALYZER_NUMBER_OBJECT_CONVERSION = YES_AGGRESSIVE;
				CLANG_CXX_LANGUAGE_STANDARD = "gnu++14";
				CLANG_CXX_LIBRARY = "libc++";
				CLANG_ENABLE_MODULES = YES;
				CLANG_ENABLE_OBJC_ARC = YES;
				CLANG_ENABLE_OBJC_WEAK = YES;
				CLANG_WARN_BLOCK_CAPTURE_AUTORELEASING = YES;
				CLANG_WARN_BOOL_CONVERSION = YES;
				CLANG_WARN_COMMA = YES;
				CLANG_WARN_CONSTANT_CONVERSION = YES;
				CLANG_WARN_DEPRECATED_OBJC_IMPLEMENTATIONS = YES;
				CLANG_WARN_DIRECT_OBJC_ISA_USAGE = YES_ERROR;
				CLANG_WARN_DOCUMENTATION_COMMENTS = YES;
				CLANG_WARN_EMPTY_BODY = YES;
				CLANG_WARN_ENUM_CONVERSION = YES;
				CLANG_WARN_INFINITE_RECURSION = YES;
				CLANG_WARN_INT_CONVERSION = YES;
				CLANG_WARN_NON_LITERAL_NULL_CONVERSION = YES;
				CLANG_WARN_OBJC_IMPLICIT_RETAIN_SELF = YES;
				CLANG_WARN_OBJC_LITERAL_CONVERSION = YES;
				CLANG_WARN_OBJC_ROOT_CLASS = YES_ERROR;
				CLANG_WARN_RANGE_LOOP_ANALYSIS = YES;
				CLANG_WARN_STRICT_PROTOTYPES = YES;
				CLANG_WARN_SUSPICIOUS_MOVE = YES;
				CLANG_WARN_UNGUARDED_AVAILABILITY = YES_AGGRESSIVE;
				CLANG_WARN_UNREACHABLE_CODE = YES;
				CLANG_WARN__DUPLICATE_METHOD_MATCH = YES;
				COPY_PHASE_STRIP = NO;
				DEBUG_INFORMATION_FORMAT = dwarf;
				ENABLE_STRICT_OBJC_MSGSEND = YES;
				ENABLE_TESTABILITY = YES;
				GCC_C_LANGUAGE_STANDARD = gnu11;
				GCC_DYNAMIC_NO_PIC = NO;
				GCC_NO_COMMON_BLOCKS = YES;
				GCC_OPTIMIZATION_LEVEL = 0;
				GCC_PREPROCESSOR_DEFINITIONS = (
					"DEBUG=1",
					"$(inherited)",
				);
				GCC_WARN_64_TO_32_BIT_CONVERSION = YES;
				GCC_WARN_ABOUT_RETURN_TYPE = YES_ERROR;
				GCC_WARN_UNDECLARED_SELECTOR = YES;
				GCC_WARN_UNINITIALIZED_AUTOS = YES_AGGRESSIVE;
				GCC_WARN_UNUSED_FUNCTION = YES;
				GCC_WARN_UNUSED_VARIABLE = YES;
				MTL_ENABLE_DEBUG_INFO = YES;
				ONLY_ACTIVE_ARCH = YES;
			};
			name = Debug;
		};
		AA2B46C220D22840002DDDFA /* Release */ = {
			isa = XCBuildConfiguration;
			buildSettings = {
				ALWAYS_SEARCH_USER_PATHS = NO;
				CLANG_ANALYZER_NONNULL = YES;
				CLANG_ANALYZER_NUMBER_OBJECT_CONVERSION = YES_AGGRESSIVE;
				CLANG_CXX_LANGUAGE_STANDARD = "gnu++14";
				CLANG_CXX_LIBRARY = "libc++";
				CLANG_ENABLE_MODULES = YES;
				CLANG_ENABLE_OBJC_ARC = YES;
				CLANG_ENABLE_OBJC_WEAK = YES;
				CLANG_WARN_BLOCK_CAPTURE_AUTORELEASING = YES;
				CLANG_WARN_BOOL_CONVERSION = YES;
				CLANG_WARN_COMMA = YES;
				CLANG_WARN_CONSTANT_CONVERSION = YES;
				CLANG_WARN_DEPRECATED_OBJC_IMPLEMENTATIONS = YES;
				CLANG_WARN_DIRECT_OBJC_ISA_USAGE = YES_ERROR;
				CLANG_WARN_DOCUMENTATION_COMMENTS = YES;
				CLANG_WARN_EMPTY_BODY = YES;
				CLANG_WARN_ENUM_CONVERSION = YES;
				CLANG_WARN_INFINITE_RECURSION = YES;
				CLANG_WARN_INT_CONVERSION = YES;
				CLANG_WARN_NON_LITERAL_NULL_CONVERSION = YES;
				CLANG_WARN_OBJC_IMPLICIT_RETAIN_SELF = YES;
				CLANG_WARN_OBJC_LITERAL_CONVERSION = YES;
				CLANG_WARN_OBJC_ROOT_CLASS = YES_ERROR;
				CLANG_WARN_RANGE_LOOP_ANALYSIS = YES;
				CLANG_WARN_STRICT_PROTOTYPES = YES;
				CLANG_WARN_SUSPICIOUS_MOVE = YES;
				CLANG_WARN_UNGUARDED_AVAILABILITY = YES_AGGRESSIVE;
				CLANG_WARN_UNREACHABLE_CODE = YES;
				CLANG_WARN__DUPLICATE_METHOD_MATCH = YES;
				COPY_PHASE_STRIP = NO;
				DEBUG_INFORMATION_FORMAT = "dwarf-with-dsym";
				ENABLE_NS_ASSERTIONS = NO;
				ENABLE_STRICT_OBJC_MSGSEND = YES;
				GCC_C_LANGUAGE_STANDARD = gnu11;
				GCC_NO_COMMON_BLOCKS = YES;
				GCC_WARN_64_TO_32_BIT_CONVERSION = YES;
				GCC_WARN_ABOUT_RETURN_TYPE = YES_ERROR;
				GCC_WARN_UNDECLARED_SELECTOR = YES;
				GCC_WARN_UNINITIALIZED_AUTOS = YES_AGGRESSIVE;
				GCC_WARN_UNUSED_FUNCTION = YES;
				GCC_WARN_UNUSED_VARIABLE = YES;
				MTL_ENABLE_DEBUG_INFO = NO;
			};
			name = Release;
		};
		AA68C0CD20DCA5D900F3FDA1 /* Debug */ = {
			isa = XCBuildConfiguration;
			buildSettings = {
				CODE_SIGN_STYLE = Automatic;
				DEBUGGING_SYMBOLS = YES;
				DEBUG_INFORMATION_FORMAT = dwarf;
				GCC_GENERATE_DEBUGGING_SYMBOLS = YES;
				GCC_OPTIMIZATION_LEVEL = 0;
				OTHER_CFLAGS = "";
				OTHER_LDFLAGS = "";
				PRODUCT_NAME = "$(TARGET_NAME)";
			};
			name = Debug;
		};
		AA68C0CE20DCA5D900F3FDA1 /* Release */ = {
			isa = XCBuildConfiguration;
			buildSettings = {
				CODE_SIGN_STYLE = Automatic;
				DEBUG_INFORMATION_FORMAT = "dwarf-with-dsym";
				OTHER_CFLAGS = "";
				OTHER_LDFLAGS = "";
				PRODUCT_NAME = "$(TARGET_NAME)";
			};
			name = Release;
		};
		AA6B254F20E5F23300B6D703 /* Debug */ = {
			isa = XCBuildConfiguration;
			buildSettings = {
				CODE_SIGN_STYLE = Automatic;
				DEBUGGING_SYMBOLS = YES;
				DEBUG_INFORMATION_FORMAT = dwarf;
				GCC_GENERATE_DEBUGGING_SYMBOLS = YES;
				GCC_OPTIMIZATION_LEVEL = 0;
				OTHER_CFLAGS = "";
				OTHER_LDFLAGS = "";
				PRODUCT_NAME = "$(TARGET_NAME)";
			};
			name = Debug;
		};
		AA6B255020E5F23300B6D703 /* Release */ = {
			isa = XCBuildConfiguration;
			buildSettings = {
				CODE_SIGN_STYLE = Automatic;
				DEBUG_INFORMATION_FORMAT = "dwarf-with-dsym";
				OTHER_CFLAGS = "";
				OTHER_LDFLAGS = "";
				PRODUCT_NAME = "$(TARGET_NAME)";
			};
			name = Release;
		};
/* End XCBuildConfiguration section */

/* Begin XCConfigurationList section */
		AA2B46BF20D22840002DDDFA /* Build configuration list for PBXProject "sensitivity" */ = {
			isa = XCConfigurationList;
			buildConfigurations = (
				AA2B46C120D22840002DDDFA /* Debug */,
				AA2B46C220D22840002DDDFA /* Release */,
			);
			defaultConfigurationIsVisible = 0;
			defaultConfigurationName = Release;
		};
		AA68C0CC20DCA5D900F3FDA1 /* Build configuration list for PBXLegacyTarget "sensitivity" */ = {
			isa = XCConfigurationList;
			buildConfigurations = (
				AA68C0CD20DCA5D900F3FDA1 /* Debug */,
				AA68C0CE20DCA5D900F3FDA1 /* Release */,
			);
			defaultConfigurationIsVisible = 0;
			defaultConfigurationName = Release;
		};
		AA6B254E20E5F23300B6D703 /* Build configuration list for PBXLegacyTarget "sensitivity_client" */ = {
			isa = XCConfigurationList;
			buildConfigurations = (
				AA6B254F20E5F23300B6D703 /* Debug */,
				AA6B255020E5F23300B6D703 /* Release */,
			);
			defaultConfigurationIsVisible = 0;
			defaultConfigurationName = Release;
		};
/* End XCConfigurationList section */
	};
	rootObject = AA2B46BC20D22840002DDDFA /* Project object */;
}
